
Microsoft Visual Studio Solution File, Format Version 12.00
# Visual Studio 15
VisualStudioVersion = 15.0.27130.2027
MinimumVisualStudioVersion = 10.0.40219.1
Project("{FAE04EC0-301F-11D3-BF4B-00C04F79EFBC}") = "Test.Classes", "Test.Classes\Test.Classes.csproj", "{548EB907-F514-40E7-BAA0-038BBF6FE798}"
EndProject
Global
	GlobalSection(SolutionConfigurationPlatforms) = preSolution
		Debug|Any CPU = Debug|Any CPU
		Release|Any CPU = Release|Any CPU
	EndGlobalSection
	GlobalSection(ProjectConfigurationPlatforms) = postSolution
		{548EB907-F514-40E7-BAA0-038BBF6FE798}.Debug|Any CPU.ActiveCfg = Debug|Any CPU
		{548EB907-F514-40E7-BAA0-038BBF6FE798}.Debug|Any CPU.Build.0 = Debug|Any CPU
		{548EB907-F514-40E7-BAA0-038BBF6FE798}.Release|Any CPU.ActiveCfg = Release|Any CPU
		{548EB907-F514-40E7-BAA0-038BBF6FE798}.Release|Any CPU.Build.0 = Release|Any CPU
	EndGlobalSection
	GlobalSection(SolutionProperties) = preSolution
		HideSolutionNode = FALSE
	EndGlobalSection
	GlobalSection(ExtensibilityGlobals) = postSolution
		SolutionGuid = {5A63672C-EE99-4115-8058-76D5A783995D}
	EndGlobalSection
EndGlobal
